
Microsoft Visual Studio Solution File, Format Version 12.00
# Visual Studio Version 16
VisualStudioVersion = 16.0.29001.49
MinimumVisualStudioVersion = 10.0.40219.1
Project("{FAE04EC0-301F-11D3-BF4B-00C04F79EFBC}") = "Impress.Mail", "Impress.Mail.csproj", "{BE412972-1B74-4C71-8588-AA24555CD151}"
EndProject
Global
	GlobalSection(SolutionConfigurationPlatforms) = preSolution
		Debug|Any CPU = Debug|Any CPU
		Release|Any CPU = Release|Any CPU
	EndGlobalSection
	GlobalSection(ProjectConfigurationPlatforms) = postSolution
		{BE412972-1B74-4C71-8588-AA24555CD151}.Debug|Any CPU.ActiveCfg = Debug|Any CPU
		{BE412972-1B74-4C71-8588-AA24555CD151}.Debug|Any CPU.Build.0 = Debug|Any CPU
		{BE412972-1B74-4C71-8588-AA24555CD151}.Release|Any CPU.ActiveCfg = Release|Any CPU
		{BE412972-1B74-4C71-8588-AA24555CD151}.Release|Any CPU.Build.0 = Release|Any CPU
	EndGlobalSection
	GlobalSection(SolutionProperties) = preSolution
		HideSolutionNode = FALSE
	EndGlobalSection
	GlobalSection(ExtensibilityGlobals) = postSolution
		SolutionGuid = {478CD021-FA4F-424A-9283-5C963F2A12BD}
	EndGlobalSection
EndGlobal
