
Microsoft Visual Studio Solution File, Format Version 12.00
# Visual Studio Version 16
VisualStudioVersion = 16.0.29001.49
MinimumVisualStudioVersion = 10.0.40219.1
Project("{FAE04EC0-301F-11D3-BF4B-00C04F79EFBC}") = "Impress.DomainEvents", "Impress.DomainEvents.csproj", "{149A95EB-E3F9-4A9F-BC6A-673BDDFD7DAD}"
EndProject
Global
	GlobalSection(SolutionConfigurationPlatforms) = preSolution
		Debug|Any CPU = Debug|Any CPU
		Release|Any CPU = Release|Any CPU
	EndGlobalSection
	GlobalSection(ProjectConfigurationPlatforms) = postSolution
		{149A95EB-E3F9-4A9F-BC6A-673BDDFD7DAD}.Debug|Any CPU.ActiveCfg = Debug|Any CPU
		{149A95EB-E3F9-4A9F-BC6A-673BDDFD7DAD}.Debug|Any CPU.Build.0 = Debug|Any CPU
		{149A95EB-E3F9-4A9F-BC6A-673BDDFD7DAD}.Release|Any CPU.ActiveCfg = Release|Any CPU
		{149A95EB-E3F9-4A9F-BC6A-673BDDFD7DAD}.Release|Any CPU.Build.0 = Release|Any CPU
	EndGlobalSection
	GlobalSection(SolutionProperties) = preSolution
		HideSolutionNode = FALSE
	EndGlobalSection
	GlobalSection(ExtensibilityGlobals) = postSolution
		SolutionGuid = {0FAF611B-24CB-4315-812A-5BF2290491FB}
	EndGlobalSection
EndGlobal
